
Microsoft Visual Studio Solution File, Format Version 12.00
# Visual Studio Version 16
VisualStudioVersion = 16.0.31911.196
MinimumVisualStudioVersion = 10.0.40219.1
Project("{9A19103F-16F7-4668-BE54-9A1E7A4F7556}") = "RouteCleaner", "RouteCleaner\RouteCleaner.csproj", "{7BA51210-CA54-415D-8C53-5AB1A849AF91}"
EndProject
Project("{9A19103F-16F7-4668-BE54-9A1E7A4F7556}") = "RouteFinderCmd", "RouteFinderCmd\RouteFinderCmd.csproj", "{FCF39B4F-94D8-43FB-AF50-58BEC4283835}"
EndProject
Project("{9A19103F-16F7-4668-BE54-9A1E7A4F7556}") = "RouteCleanerTests", "RouteCleanerTests\RouteCleanerTests.csproj", "{2DA546A7-8BE3-450E-82C5-68253CCED5E8}"
EndProject
Project("{9A19103F-16F7-4668-BE54-9A1E7A4F7556}") = "RouteFinder", "RouteFinder\RouteFinder.csproj", "{6311C862-AB43-4504-BA92-8D432E2E1390}"
EndProject
Project("{9A19103F-16F7-4668-BE54-9A1E7A4F7556}") = "CosmosDBLayer", "CosmosDBLayer\CosmosDBLayer.csproj", "{C4CADAFF-2102-4860-8C2F-C80F789F94BB}"
EndProject
Project("{9A19103F-16F7-4668-BE54-9A1E7A4F7556}") = "RouteFinderDataModel", "RouteFinderDataModel\RouteFinderDataModel.csproj", "{86E17CC5-D2F1-471D-A26D-F42B994185F4}"
EndProject
Project("{9A19103F-16F7-4668-BE54-9A1E7A4F7556}") = "CosmosDBLayerTests", "CosmosDBLayerTests\CosmosDBLayerTests.csproj", "{DABAACB0-9E48-45B9-9431-E746EB6F5EB8}"
EndProject
Project("{9A19103F-16F7-4668-BE54-9A1E7A4F7556}") = "RouteFinderTests", "RouteFinderTests\RouteFinderTests.csproj", "{FCAF87F6-17FE-4885-AA69-585F9FB917EF}"
EndProject
Project("{9A19103F-16F7-4668-BE54-9A1E7A4F7556}") = "GlobalSettings", "GlobalSettings\GlobalSettings.csproj", "{13101A7D-CB9B-4516-B166-3B82349AF682}"
EndProject
Project("{9A19103F-16F7-4668-BE54-9A1E7A4F7556}") = "AzureBlobHandler", "AzureBlobHandler\AzureBlobHandler.csproj", "{8756C1D5-E95C-415B-80CC-E5B682DAB869}"
EndProject
Project("{9A19103F-16F7-4668-BE54-9A1E7A4F7556}") = "ProcessRunnableWays", "ProcessRunnableWays\ProcessRunnableWays.csproj", "{72890094-3F54-44BC-9D32-65E4E9F2FDAE}"
EndProject
Project("{9A19103F-16F7-4668-BE54-9A1E7A4F7556}") = "DataInspector", "DataInspector\DataInspector.csproj", "{E0ADADB0-66CD-4477-8C02-828B7C280329}"
EndProject
Project("{9A19103F-16F7-4668-BE54-9A1E7A4F7556}") = "TripProcessor", "TripProcessor\TripProcessor.csproj", "{0899688A-1968-4382-9E0E-4B2770F265F1}"
EndProject
Project("{9A19103F-16F7-4668-BE54-9A1E7A4F7556}") = "UserDataModel", "UserDataModel\UserDataModel.csproj", "{9B6D56E3-B792-4C6B-AD0F-A95834A3D47D}"
EndProject
Project("{9A19103F-16F7-4668-BE54-9A1E7A4F7556}") = "TripIngestion", "TripIngestion\TripIngestion.csproj", "{D347D010-F48C-4167-B7A6-532DED1948A9}"
EndProject
Project("{A07B5EB6-E848-4116-A8D0-A826331D98C6}") = "RoutefinderService", "RoutefinderService\RoutefinderService.sfproj", "{0473BA6C-B951-4EB4-8D33-050B06BE4E3D}"
EndProject
Project("{FAE04EC0-301F-11D3-BF4B-00C04F79EFBC}") = "WebService", "WebService\WebService.csproj", "{ABED22CE-C8A0-4C6B-BF08-EC6C3ED3FE61}"
EndProject
Global
	GlobalSection(SolutionConfigurationPlatforms) = preSolution
		Debug|Any CPU = Debug|Any CPU
		Debug|x64 = Debug|x64
		Release|Any CPU = Release|Any CPU
		Release|x64 = Release|x64
	EndGlobalSection
	GlobalSection(ProjectConfigurationPlatforms) = postSolution
		{7BA51210-CA54-415D-8C53-5AB1A849AF91}.Debug|Any CPU.ActiveCfg = Debug|Any CPU
		{7BA51210-CA54-415D-8C53-5AB1A849AF91}.Debug|Any CPU.Build.0 = Debug|Any CPU
		{7BA51210-CA54-415D-8C53-5AB1A849AF91}.Debug|x64.ActiveCfg = Debug|Any CPU
		{7BA51210-CA54-415D-8C53-5AB1A849AF91}.Debug|x64.Build.0 = Debug|Any CPU
		{7BA51210-CA54-415D-8C53-5AB1A849AF91}.Release|Any CPU.ActiveCfg = Release|Any CPU
		{7BA51210-CA54-415D-8C53-5AB1A849AF91}.Release|Any CPU.Build.0 = Release|Any CPU
		{7BA51210-CA54-415D-8C53-5AB1A849AF91}.Release|x64.ActiveCfg = Release|Any CPU
		{7BA51210-CA54-415D-8C53-5AB1A849AF91}.Release|x64.Build.0 = Release|Any CPU
		{FCF39B4F-94D8-43FB-AF50-58BEC4283835}.Debug|Any CPU.ActiveCfg = Debug|Any CPU
		{FCF39B4F-94D8-43FB-AF50-58BEC4283835}.Debug|Any CPU.Build.0 = Debug|Any CPU
		{FCF39B4F-94D8-43FB-AF50-58BEC4283835}.Debug|x64.ActiveCfg = Debug|Any CPU
		{FCF39B4F-94D8-43FB-AF50-58BEC4283835}.Debug|x64.Build.0 = Debug|Any CPU
		{FCF39B4F-94D8-43FB-AF50-58BEC4283835}.Release|Any CPU.ActiveCfg = Release|Any CPU
		{FCF39B4F-94D8-43FB-AF50-58BEC4283835}.Release|Any CPU.Build.0 = Release|Any CPU
		{FCF39B4F-94D8-43FB-AF50-58BEC4283835}.Release|x64.ActiveCfg = Release|Any CPU
		{FCF39B4F-94D8-43FB-AF50-58BEC4283835}.Release|x64.Build.0 = Release|Any CPU
		{2DA546A7-8BE3-450E-82C5-68253CCED5E8}.Debug|Any CPU.ActiveCfg = Debug|Any CPU
		{2DA546A7-8BE3-450E-82C5-68253CCED5E8}.Debug|Any CPU.Build.0 = Debug|Any CPU
		{2DA546A7-8BE3-450E-82C5-68253CCED5E8}.Debug|x64.ActiveCfg = Debug|Any CPU
		{2DA546A7-8BE3-450E-82C5-68253CCED5E8}.Debug|x64.Build.0 = Debug|Any CPU
		{2DA546A7-8BE3-450E-82C5-68253CCED5E8}.Release|Any CPU.ActiveCfg = Release|Any CPU
		{2DA546A7-8BE3-450E-82C5-68253CCED5E8}.Release|Any CPU.Build.0 = Release|Any CPU
		{2DA546A7-8BE3-450E-82C5-68253CCED5E8}.Release|x64.ActiveCfg = Release|Any CPU
		{2DA546A7-8BE3-450E-82C5-68253CCED5E8}.Release|x64.Build.0 = Release|Any CPU
		{6311C862-AB43-4504-BA92-8D432E2E1390}.Debug|Any CPU.ActiveCfg = Debug|Any CPU
		{6311C862-AB43-4504-BA92-8D432E2E1390}.Debug|Any CPU.Build.0 = Debug|Any CPU
		{6311C862-AB43-4504-BA92-8D432E2E1390}.Debug|x64.ActiveCfg = Debug|Any CPU
		{6311C862-AB43-4504-BA92-8D432E2E1390}.Debug|x64.Build.0 = Debug|Any CPU
		{6311C862-AB43-4504-BA92-8D432E2E1390}.Release|Any CPU.ActiveCfg = Release|Any CPU
		{6311C862-AB43-4504-BA92-8D432E2E1390}.Release|Any CPU.Build.0 = Release|Any CPU
		{6311C862-AB43-4504-BA92-8D432E2E1390}.Release|x64.ActiveCfg = Release|Any CPU
		{6311C862-AB43-4504-BA92-8D432E2E1390}.Release|x64.Build.0 = Release|Any CPU
		{C4CADAFF-2102-4860-8C2F-C80F789F94BB}.Debug|Any CPU.ActiveCfg = Debug|Any CPU
		{C4CADAFF-2102-4860-8C2F-C80F789F94BB}.Debug|Any CPU.Build.0 = Debug|Any CPU
		{C4CADAFF-2102-4860-8C2F-C80F789F94BB}.Debug|x64.ActiveCfg = Debug|Any CPU
		{C4CADAFF-2102-4860-8C2F-C80F789F94BB}.Debug|x64.Build.0 = Debug|Any CPU
		{C4CADAFF-2102-4860-8C2F-C80F789F94BB}.Release|Any CPU.ActiveCfg = Release|Any CPU
		{C4CADAFF-2102-4860-8C2F-C80F789F94BB}.Release|Any CPU.Build.0 = Release|Any CPU
		{C4CADAFF-2102-4860-8C2F-C80F789F94BB}.Release|x64.ActiveCfg = Release|Any CPU
		{C4CADAFF-2102-4860-8C2F-C80F789F94BB}.Release|x64.Build.0 = Release|Any CPU
		{86E17CC5-D2F1-471D-A26D-F42B994185F4}.Debug|Any CPU.ActiveCfg = Debug|Any CPU
		{86E17CC5-D2F1-471D-A26D-F42B994185F4}.Debug|Any CPU.Build.0 = Debug|Any CPU
		{86E17CC5-D2F1-471D-A26D-F42B994185F4}.Debug|x64.ActiveCfg = Debug|Any CPU
		{86E17CC5-D2F1-471D-A26D-F42B994185F4}.Debug|x64.Build.0 = Debug|Any CPU
		{86E17CC5-D2F1-471D-A26D-F42B994185F4}.Release|Any CPU.ActiveCfg = Release|Any CPU
		{86E17CC5-D2F1-471D-A26D-F42B994185F4}.Release|Any CPU.Build.0 = Release|Any CPU
		{86E17CC5-D2F1-471D-A26D-F42B994185F4}.Release|x64.ActiveCfg = Release|Any CPU
		{86E17CC5-D2F1-471D-A26D-F42B994185F4}.Release|x64.Build.0 = Release|Any CPU
		{DABAACB0-9E48-45B9-9431-E746EB6F5EB8}.Debug|Any CPU.ActiveCfg = Debug|Any CPU
		{DABAACB0-9E48-45B9-9431-E746EB6F5EB8}.Debug|Any CPU.Build.0 = Debug|Any CPU
		{DABAACB0-9E48-45B9-9431-E746EB6F5EB8}.Debug|x64.ActiveCfg = Debug|Any CPU
		{DABAACB0-9E48-45B9-9431-E746EB6F5EB8}.Debug|x64.Build.0 = Debug|Any CPU
		{DABAACB0-9E48-45B9-9431-E746EB6F5EB8}.Release|Any CPU.ActiveCfg = Release|Any CPU
		{DABAACB0-9E48-45B9-9431-E746EB6F5EB8}.Release|Any CPU.Build.0 = Release|Any CPU
		{DABAACB0-9E48-45B9-9431-E746EB6F5EB8}.Release|x64.ActiveCfg = Release|Any CPU
		{DABAACB0-9E48-45B9-9431-E746EB6F5EB8}.Release|x64.Build.0 = Release|Any CPU
		{FCAF87F6-17FE-4885-AA69-585F9FB917EF}.Debug|Any CPU.ActiveCfg = Debug|Any CPU
		{FCAF87F6-17FE-4885-AA69-585F9FB917EF}.Debug|Any CPU.Build.0 = Debug|Any CPU
		{FCAF87F6-17FE-4885-AA69-585F9FB917EF}.Debug|x64.ActiveCfg = Debug|Any CPU
		{FCAF87F6-17FE-4885-AA69-585F9FB917EF}.Debug|x64.Build.0 = Debug|Any CPU
		{FCAF87F6-17FE-4885-AA69-585F9FB917EF}.Release|Any CPU.ActiveCfg = Release|Any CPU
		{FCAF87F6-17FE-4885-AA69-585F9FB917EF}.Release|Any CPU.Build.0 = Release|Any CPU
		{FCAF87F6-17FE-4885-AA69-585F9FB917EF}.Release|x64.ActiveCfg = Release|Any CPU
		{FCAF87F6-17FE-4885-AA69-585F9FB917EF}.Release|x64.Build.0 = Release|Any CPU
		{13101A7D-CB9B-4516-B166-3B82349AF682}.Debug|Any CPU.ActiveCfg = Debug|Any CPU
		{13101A7D-CB9B-4516-B166-3B82349AF682}.Debug|Any CPU.Build.0 = Debug|Any CPU
		{13101A7D-CB9B-4516-B166-3B82349AF682}.Debug|x64.ActiveCfg = Debug|Any CPU
		{13101A7D-CB9B-4516-B166-3B82349AF682}.Debug|x64.Build.0 = Debug|Any CPU
		{13101A7D-CB9B-4516-B166-3B82349AF682}.Release|Any CPU.ActiveCfg = Release|Any CPU
		{13101A7D-CB9B-4516-B166-3B82349AF682}.Release|Any CPU.Build.0 = Release|Any CPU
		{13101A7D-CB9B-4516-B166-3B82349AF682}.Release|x64.ActiveCfg = Release|Any CPU
		{13101A7D-CB9B-4516-B166-3B82349AF682}.Release|x64.Build.0 = Release|Any CPU
		{8756C1D5-E95C-415B-80CC-E5B682DAB869}.Debug|Any CPU.ActiveCfg = Debug|Any CPU
		{8756C1D5-E95C-415B-80CC-E5B682DAB869}.Debug|Any CPU.Build.0 = Debug|Any CPU
		{8756C1D5-E95C-415B-80CC-E5B682DAB869}.Debug|x64.ActiveCfg = Debug|Any CPU
		{8756C1D5-E95C-415B-80CC-E5B682DAB869}.Debug|x64.Build.0 = Debug|Any CPU
		{8756C1D5-E95C-415B-80CC-E5B682DAB869}.Release|Any CPU.ActiveCfg = Release|Any CPU
		{8756C1D5-E95C-415B-80CC-E5B682DAB869}.Release|Any CPU.Build.0 = Release|Any CPU
		{8756C1D5-E95C-415B-80CC-E5B682DAB869}.Release|x64.ActiveCfg = Release|Any CPU
		{8756C1D5-E95C-415B-80CC-E5B682DAB869}.Release|x64.Build.0 = Release|Any CPU
		{72890094-3F54-44BC-9D32-65E4E9F2FDAE}.Debug|Any CPU.ActiveCfg = Debug|Any CPU
		{72890094-3F54-44BC-9D32-65E4E9F2FDAE}.Debug|Any CPU.Build.0 = Debug|Any CPU
		{72890094-3F54-44BC-9D32-65E4E9F2FDAE}.Debug|x64.ActiveCfg = Debug|Any CPU
		{72890094-3F54-44BC-9D32-65E4E9F2FDAE}.Debug|x64.Build.0 = Debug|Any CPU
		{72890094-3F54-44BC-9D32-65E4E9F2FDAE}.Release|Any CPU.ActiveCfg = Release|Any CPU
		{72890094-3F54-44BC-9D32-65E4E9F2FDAE}.Release|Any CPU.Build.0 = Release|Any CPU
		{72890094-3F54-44BC-9D32-65E4E9F2FDAE}.Release|x64.ActiveCfg = Release|Any CPU
		{72890094-3F54-44BC-9D32-65E4E9F2FDAE}.Release|x64.Build.0 = Release|Any CPU
		{E0ADADB0-66CD-4477-8C02-828B7C280329}.Debug|Any CPU.ActiveCfg = Debug|Any CPU
		{E0ADADB0-66CD-4477-8C02-828B7C280329}.Debug|Any CPU.Build.0 = Debug|Any CPU
		{E0ADADB0-66CD-4477-8C02-828B7C280329}.Debug|x64.ActiveCfg = Debug|Any CPU
		{E0ADADB0-66CD-4477-8C02-828B7C280329}.Debug|x64.Build.0 = Debug|Any CPU
		{E0ADADB0-66CD-4477-8C02-828B7C280329}.Release|Any CPU.ActiveCfg = Release|Any CPU
		{E0ADADB0-66CD-4477-8C02-828B7C280329}.Release|Any CPU.Build.0 = Release|Any CPU
		{E0ADADB0-66CD-4477-8C02-828B7C280329}.Release|x64.ActiveCfg = Release|Any CPU
		{E0ADADB0-66CD-4477-8C02-828B7C280329}.Release|x64.Build.0 = Release|Any CPU
		{0899688A-1968-4382-9E0E-4B2770F265F1}.Debug|Any CPU.ActiveCfg = Debug|Any CPU
		{0899688A-1968-4382-9E0E-4B2770F265F1}.Debug|Any CPU.Build.0 = Debug|Any CPU
		{0899688A-1968-4382-9E0E-4B2770F265F1}.Debug|x64.ActiveCfg = Debug|Any CPU
		{0899688A-1968-4382-9E0E-4B2770F265F1}.Debug|x64.Build.0 = Debug|Any CPU
		{0899688A-1968-4382-9E0E-4B2770F265F1}.Release|Any CPU.ActiveCfg = Release|Any CPU
		{0899688A-1968-4382-9E0E-4B2770F265F1}.Release|Any CPU.Build.0 = Release|Any CPU
		{0899688A-1968-4382-9E0E-4B2770F265F1}.Release|x64.ActiveCfg = Release|Any CPU
		{0899688A-1968-4382-9E0E-4B2770F265F1}.Release|x64.Build.0 = Release|Any CPU
		{9B6D56E3-B792-4C6B-AD0F-A95834A3D47D}.Debug|Any CPU.ActiveCfg = Debug|Any CPU
		{9B6D56E3-B792-4C6B-AD0F-A95834A3D47D}.Debug|Any CPU.Build.0 = Debug|Any CPU
		{9B6D56E3-B792-4C6B-AD0F-A95834A3D47D}.Debug|x64.ActiveCfg = Debug|Any CPU
		{9B6D56E3-B792-4C6B-AD0F-A95834A3D47D}.Debug|x64.Build.0 = Debug|Any CPU
		{9B6D56E3-B792-4C6B-AD0F-A95834A3D47D}.Release|Any CPU.ActiveCfg = Release|Any CPU
		{9B6D56E3-B792-4C6B-AD0F-A95834A3D47D}.Release|Any CPU.Build.0 = Release|Any CPU
		{9B6D56E3-B792-4C6B-AD0F-A95834A3D47D}.Release|x64.ActiveCfg = Release|Any CPU
		{9B6D56E3-B792-4C6B-AD0F-A95834A3D47D}.Release|x64.Build.0 = Release|Any CPU
		{D347D010-F48C-4167-B7A6-532DED1948A9}.Debug|Any CPU.ActiveCfg = Debug|Any CPU
		{D347D010-F48C-4167-B7A6-532DED1948A9}.Debug|Any CPU.Build.0 = Debug|Any CPU
		{D347D010-F48C-4167-B7A6-532DED1948A9}.Debug|x64.ActiveCfg = Debug|Any CPU
		{D347D010-F48C-4167-B7A6-532DED1948A9}.Debug|x64.Build.0 = Debug|Any CPU
		{D347D010-F48C-4167-B7A6-532DED1948A9}.Release|Any CPU.ActiveCfg = Release|Any CPU
		{D347D010-F48C-4167-B7A6-532DED1948A9}.Release|Any CPU.Build.0 = Release|Any CPU
		{D347D010-F48C-4167-B7A6-532DED1948A9}.Release|x64.ActiveCfg = Release|Any CPU
		{D347D010-F48C-4167-B7A6-532DED1948A9}.Release|x64.Build.0 = Release|Any CPU
		{0473BA6C-B951-4EB4-8D33-050B06BE4E3D}.Debug|Any CPU.ActiveCfg = Debug|x64
		{0473BA6C-B951-4EB4-8D33-050B06BE4E3D}.Debug|x64.ActiveCfg = Debug|x64
		{0473BA6C-B951-4EB4-8D33-050B06BE4E3D}.Debug|x64.Build.0 = Debug|x64
		{0473BA6C-B951-4EB4-8D33-050B06BE4E3D}.Debug|x64.Deploy.0 = Debug|x64
		{0473BA6C-B951-4EB4-8D33-050B06BE4E3D}.Release|Any CPU.ActiveCfg = Release|x64
		{0473BA6C-B951-4EB4-8D33-050B06BE4E3D}.Release|x64.ActiveCfg = Release|x64
		{0473BA6C-B951-4EB4-8D33-050B06BE4E3D}.Release|x64.Build.0 = Release|x64
		{0473BA6C-B951-4EB4-8D33-050B06BE4E3D}.Release|x64.Deploy.0 = Release|x64
		{ABED22CE-C8A0-4C6B-BF08-EC6C3ED3FE61}.Debug|Any CPU.ActiveCfg = Debug|Any CPU
		{ABED22CE-C8A0-4C6B-BF08-EC6C3ED3FE61}.Debug|Any CPU.Build.0 = Debug|Any CPU
		{ABED22CE-C8A0-4C6B-BF08-EC6C3ED3FE61}.Debug|x64.ActiveCfg = Debug|Any CPU
		{ABED22CE-C8A0-4C6B-BF08-EC6C3ED3FE61}.Debug|x64.Build.0 = Debug|Any CPU
		{ABED22CE-C8A0-4C6B-BF08-EC6C3ED3FE61}.Release|Any CPU.ActiveCfg = Release|Any CPU
		{ABED22CE-C8A0-4C6B-BF08-EC6C3ED3FE61}.Release|Any CPU.Build.0 = Release|Any CPU
		{ABED22CE-C8A0-4C6B-BF08-EC6C3ED3FE61}.Release|x64.ActiveCfg = Release|Any CPU
		{ABED22CE-C8A0-4C6B-BF08-EC6C3ED3FE61}.Release|x64.Build.0 = Release|Any CPU
	EndGlobalSection
	GlobalSection(SolutionProperties) = preSolution
		HideSolutionNode = FALSE
	EndGlobalSection
	GlobalSection(ExtensibilityGlobals) = postSolution
		SolutionGuid = {5088F14D-E7D3-4D4E-944B-D3032F03554C}
	EndGlobalSection
EndGlobal
